{
    "_readme": [
        "This file locks the dependencies of your project to a known state",
        "Read more about it at https://getcomposer.org/doc/01-basic-usage.md#installing-dependencies",
        "This file is @generated automatically"
    ],
    "content-hash": "1e945969b2699813f08873318473145c",
    "packages": [
        {
            "name": "symfony/flex",
            "version": "v1.1.0",
            "source": {
                "type": "git",
                "url": "https://github.com/symfony/flex.git",
                "reference": "d6f5fed47ddad2eb25d5cc19316692203a2898eb"
            },
            "dist": {
                "type": "zip",
                "url": "https://api.github.com/repos/symfony/flex/zipball/d6f5fed47ddad2eb25d5cc19316692203a2898eb",
                "reference": "d6f5fed47ddad2eb25d5cc19316692203a2898eb",
                "shasum": ""
            },
            "require": {
                "composer-plugin-api": "^1.0",
                "php": "^7.0"
            },
            "require-dev": {
                "composer/composer": "^1.0.2",
                "symfony/phpunit-bridge": "^3.2.8"
            },
            "type": "composer-plugin",
            "extra": {
                "branch-alias": {
                    "dev-master": "1.1-dev"
                },
                "class": "Symfony\\Flex\\Flex"
            },
            "autoload": {
                "psr-4": {
                    "Symfony\\Flex\\": "src"
                }
            },
            "notification-url": "https://packagist.org/downloads/",
            "license": [
                "MIT"
            ],
            "authors": [
                {
                    "name": "Fabien Potencier",
                    "email": "fabien.potencier@gmail.com"
                }
            ],
            "description": "Composer plugin for Symfony",
            "time": "2018-08-21T07:51:18+00:00"
        }
    ],
    "packages-dev": [],
    "aliases": [],
    "minimum-stability": "stable",
    "stability-flags": [],
    "prefer-stable": false,
    "prefer-lowest": false,
    "platform": [],
    "platform-dev": []
}
